
Microsoft Visual Studio Solution File, Format Version 12.00
# Visual Studio 15
VisualStudioVersion = 15.0.28307.572
MinimumVisualStudioVersion = 10.0.40219.1
Project("{FAE04EC0-301F-11D3-BF4B-00C04F79EFBC}") = "GridViewResizer", "GridViewResizer\GridViewResizer.csproj", "{92CD8640-56D0-4AB4-ADEE-435FFECFD060}"
EndProject
Project("{FAE04EC0-301F-11D3-BF4B-00C04F79EFBC}") = "TestApplication", "TestApplication\TestApplication.csproj", "{D4CBE811-8FC8-4DAE-9F47-3CD1134D6164}"
EndProject
Global
	GlobalSection(SolutionConfigurationPlatforms) = preSolution
		Debug|Any CPU = Debug|Any CPU
		Release|Any CPU = Release|Any CPU
	EndGlobalSection
	GlobalSection(ProjectConfigurationPlatforms) = postSolution
		{92CD8640-56D0-4AB4-ADEE-435FFECFD060}.Debug|Any CPU.ActiveCfg = Debug|Any CPU
		{92CD8640-56D0-4AB4-ADEE-435FFECFD060}.Debug|Any CPU.Build.0 = Debug|Any CPU
		{92CD8640-56D0-4AB4-ADEE-435FFECFD060}.Release|Any CPU.ActiveCfg = Release|Any CPU
		{92CD8640-56D0-4AB4-ADEE-435FFECFD060}.Release|Any CPU.Build.0 = Release|Any CPU
		{D4CBE811-8FC8-4DAE-9F47-3CD1134D6164}.Debug|Any CPU.ActiveCfg = Debug|Any CPU
		{D4CBE811-8FC8-4DAE-9F47-3CD1134D6164}.Debug|Any CPU.Build.0 = Debug|Any CPU
		{D4CBE811-8FC8-4DAE-9F47-3CD1134D6164}.Release|Any CPU.ActiveCfg = Release|Any CPU
		{D4CBE811-8FC8-4DAE-9F47-3CD1134D6164}.Release|Any CPU.Build.0 = Release|Any CPU
	EndGlobalSection
	GlobalSection(SolutionProperties) = preSolution
		HideSolutionNode = FALSE
	EndGlobalSection
	GlobalSection(ExtensibilityGlobals) = postSolution
		SolutionGuid = {A05D7F2E-76B3-4D4E-97AC-C5E3FE9854DF}
	EndGlobalSection
EndGlobal
